
Microsoft Visual Studio Solution File, Format Version 12.00
# Visual Studio Version 17
VisualStudioVersion = 17.9.34723.18
MinimumVisualStudioVersion = 10.0.40219.1
Project("{FAE04EC0-301F-11D3-BF4B-00C04F79EFBC}") = "exercicios02", "exercicios02\exercicios02.csproj", "{F8854F63-BD60-4823-88B6-53F3BB5931E7}"
EndProject
Global
	GlobalSection(SolutionConfigurationPlatforms) = preSolution
		Debug|Any CPU = Debug|Any CPU
		Release|Any CPU = Release|Any CPU
	EndGlobalSection
	GlobalSection(ProjectConfigurationPlatforms) = postSolution
		{F8854F63-BD60-4823-88B6-53F3BB5931E7}.Debug|Any CPU.ActiveCfg = Debug|Any CPU
		{F8854F63-BD60-4823-88B6-53F3BB5931E7}.Debug|Any CPU.Build.0 = Debug|Any CPU
		{F8854F63-BD60-4823-88B6-53F3BB5931E7}.Release|Any CPU.ActiveCfg = Release|Any CPU
		{F8854F63-BD60-4823-88B6-53F3BB5931E7}.Release|Any CPU.Build.0 = Release|Any CPU
	EndGlobalSection
	GlobalSection(SolutionProperties) = preSolution
		HideSolutionNode = FALSE
	EndGlobalSection
	GlobalSection(ExtensibilityGlobals) = postSolution
		SolutionGuid = {A7333AFC-7359-4E07-A9A7-21072C543214}
	EndGlobalSection
EndGlobal
