
Microsoft Visual Studio Solution File, Format Version 12.00
# Visual Studio Version 17
VisualStudioVersion = 17.9.34723.18
MinimumVisualStudioVersion = 10.0.40219.1
Project("{FAE04EC0-301F-11D3-BF4B-00C04F79EFBC}") = "exercicios01", "exercicios01\exercicios01.csproj", "{60F9548E-0EB3-4882-A584-DB74DBA05027}"
EndProject
Global
	GlobalSection(SolutionConfigurationPlatforms) = preSolution
		Debug|Any CPU = Debug|Any CPU
		Release|Any CPU = Release|Any CPU
	EndGlobalSection
	GlobalSection(ProjectConfigurationPlatforms) = postSolution
		{60F9548E-0EB3-4882-A584-DB74DBA05027}.Debug|Any CPU.ActiveCfg = Debug|Any CPU
		{60F9548E-0EB3-4882-A584-DB74DBA05027}.Debug|Any CPU.Build.0 = Debug|Any CPU
		{60F9548E-0EB3-4882-A584-DB74DBA05027}.Release|Any CPU.ActiveCfg = Release|Any CPU
		{60F9548E-0EB3-4882-A584-DB74DBA05027}.Release|Any CPU.Build.0 = Release|Any CPU
	EndGlobalSection
	GlobalSection(SolutionProperties) = preSolution
		HideSolutionNode = FALSE
	EndGlobalSection
	GlobalSection(ExtensibilityGlobals) = postSolution
		SolutionGuid = {5FA86173-86F4-42B0-9D32-92515ADCF9D7}
	EndGlobalSection
EndGlobal
